Microsoft Visual Studio Solution File, Format Version 11.00
# Visual Studio 2008

Project("{61936DF9-40E5-2A80-760B-FA072847C29D}") = "TUG", "Assembly-CSharp-vs.csproj", "{61B814CC-91AB-7680-049E-8229A00945C9}"
EndProject
Global
	GlobalSection(SolutionConfigurationPlatforms) = preSolution
		Debug|Any CPU = Debug|Any CPU
		Release|Any CPU = Release|Any CPU
	EndGlobalSection
	GlobalSection(ProjectConfigurationPlatforms) = postSolution
		{61B814CC-91AB-7680-049E-8229A00945C9}.Debug|Any CPU.ActiveCfg = Debug|Any CPU
		{61B814CC-91AB-7680-049E-8229A00945C9}.Debug|Any CPU.Build.0 = Debug|Any CPU
		{61B814CC-91AB-7680-049E-8229A00945C9}.Release|Any CPU.ActiveCfg = Release|Any CPU
		{61B814CC-91AB-7680-049E-8229A00945C9}.Release|Any CPU.Build.0 = Release|Any CPU
	EndGlobalSection
	GlobalSection(SolutionProperties) = preSolution
		HideSolutionNode = FALSE
	EndGlobalSection
																																																										GlobalSection(MonoDevelopProperties) = preSolution
=======
																																																	GlobalSection(MonoDevelopProperties) = preSolution
>>>>>>> f5dcd24d55a036db1a10ee379829a5629538a0ff
=======
<<<<<<< HEAD
																								GlobalSection(MonoDevelopProperties) = preSolution
=======
																GlobalSection(MonoDevelopProperties) = preSolution
>>>>>>> 1858b2407b8361422b3c65cf72877b5117a13f38
>>>>>>> 77aa1e26f78206229a7823c2295e3f5797682b03
		StartupItem = Assembly-CSharp.csproj
		Policies = $0
		$0.TextStylePolicy = $1
		$1.inheritsSet = null
		$1.scope = text/x-csharp
		$0.CSharpFormattingPolicy = $2
		$2.inheritsSet = Mono
		$2.inheritsScope = text/x-csharp
		$2.scope = text/x-csharp
		$0.TextStylePolicy = $3
		$3.FileWidth = 120
		$3.TabWidth = 4
		$3.IndentWidth = 4
		$3.EolMarker = Unix
		$3.inheritsSet = Mono
		$3.inheritsScope = text/plain
		$3.scope = text/plain
	EndGlobalSection

EndGlobal
